
Microsoft Visual Studio Solution File, Format Version 12.00
# Visual Studio Version 16
VisualStudioVersion = 16.0.32002.261
MinimumVisualStudioVersion = 10.0.40219.1
Project("{FAE04EC0-301F-11D3-BF4B-00C04F79EFBC}") = "FizzBuzz", "FizzBuzz\FizzBuzz.csproj", "{3EDAF046-B309-4106-9646-61DC700FEF2A}"
EndProject
Global
	GlobalSection(SolutionConfigurationPlatforms) = preSolution
		Debug|Any CPU = Debug|Any CPU
		Release|Any CPU = Release|Any CPU
	EndGlobalSection
	GlobalSection(ProjectConfigurationPlatforms) = postSolution
		{3EDAF046-B309-4106-9646-61DC700FEF2A}.Debug|Any CPU.ActiveCfg = Debug|Any CPU
		{3EDAF046-B309-4106-9646-61DC700FEF2A}.Debug|Any CPU.Build.0 = Debug|Any CPU
		{3EDAF046-B309-4106-9646-61DC700FEF2A}.Release|Any CPU.ActiveCfg = Release|Any CPU
		{3EDAF046-B309-4106-9646-61DC700FEF2A}.Release|Any CPU.Build.0 = Release|Any CPU
	EndGlobalSection
	GlobalSection(SolutionProperties) = preSolution
		HideSolutionNode = FALSE
	EndGlobalSection
	GlobalSection(ExtensibilityGlobals) = postSolution
		SolutionGuid = {A33D38C8-359B-401E-8AB0-747D52AC411C}
	EndGlobalSection
EndGlobal
